{
  "name": "js-basic",
  "version": "1.0.0",
  "lockfileVersion": 1,
  "requires": true,
  "dependencies": {
    "lodash": {
      "version": "4.17.14",
      "resolved": "http://172.17.210.65:4873/lodash/-/lodash-4.17.14.tgz",
      "integrity": "sha1-nOSHrmbJYlT+ILWZ8htoFgKAeLo=",
      "dev": true
    }
  }
}
